
Microsoft Visual Studio Solution File, Format Version 12.00
# Visual Studio 15
VisualStudioVersion = 15.0.28307.421
MinimumVisualStudioVersion = 10.0.40219.1
Project("{9A19103F-16F7-4668-BE54-9A1E7A4F7556}") = "WordLyric", "WordLyric\WordLyric.csproj", "{C4906FD5-013D-4E45-B58D-7299CF40D289}"
EndProject
Project("{9A19103F-16F7-4668-BE54-9A1E7A4F7556}") = "SimpleLyricConsole", "SimpleLyricConsole\SimpleLyricConsole.csproj", "{ABF0B3B0-BB01-4A48-A55C-F0D244EA815A}"
EndProject
Project("{9A19103F-16F7-4668-BE54-9A1E7A4F7556}") = "WordLyricConsole", "WordLyricConsole\WordLyricConsole.csproj", "{DE7C9680-CD33-4846-A11D-03CD5BFC9455}"
EndProject
Project("{FAE04EC0-301F-11D3-BF4B-00C04F79EFBC}") = "WordLyricGUIEditor", "WordLyricGUIEditor\WordLyricGUIEditor.csproj", "{666281EF-A3F3-44A0-A5C8-D4156DCFC388}"
EndProject
Global
	GlobalSection(SolutionConfigurationPlatforms) = preSolution
		Debug|Any CPU = Debug|Any CPU
		Debug|ARM = Debug|ARM
		Debug|ARM64 = Debug|ARM64
		Debug|x64 = Debug|x64
		Debug|x86 = Debug|x86
		Release|Any CPU = Release|Any CPU
		Release|ARM = Release|ARM
		Release|ARM64 = Release|ARM64
		Release|x64 = Release|x64
		Release|x86 = Release|x86
	EndGlobalSection
	GlobalSection(ProjectConfigurationPlatforms) = postSolution
		{C4906FD5-013D-4E45-B58D-7299CF40D289}.Debug|Any CPU.ActiveCfg = Debug|Any CPU
		{C4906FD5-013D-4E45-B58D-7299CF40D289}.Debug|Any CPU.Build.0 = Debug|Any CPU
		{C4906FD5-013D-4E45-B58D-7299CF40D289}.Debug|ARM.ActiveCfg = Debug|Any CPU
		{C4906FD5-013D-4E45-B58D-7299CF40D289}.Debug|ARM.Build.0 = Debug|Any CPU
		{C4906FD5-013D-4E45-B58D-7299CF40D289}.Debug|ARM64.ActiveCfg = Debug|Any CPU
		{C4906FD5-013D-4E45-B58D-7299CF40D289}.Debug|ARM64.Build.0 = Debug|Any CPU
		{C4906FD5-013D-4E45-B58D-7299CF40D289}.Debug|x64.ActiveCfg = Debug|Any CPU
		{C4906FD5-013D-4E45-B58D-7299CF40D289}.Debug|x64.Build.0 = Debug|Any CPU
		{C4906FD5-013D-4E45-B58D-7299CF40D289}.Debug|x86.ActiveCfg = Debug|Any CPU
		{C4906FD5-013D-4E45-B58D-7299CF40D289}.Debug|x86.Build.0 = Debug|Any CPU
		{C4906FD5-013D-4E45-B58D-7299CF40D289}.Release|Any CPU.ActiveCfg = Release|Any CPU
		{C4906FD5-013D-4E45-B58D-7299CF40D289}.Release|Any CPU.Build.0 = Release|Any CPU
		{C4906FD5-013D-4E45-B58D-7299CF40D289}.Release|ARM.ActiveCfg = Release|Any CPU
		{C4906FD5-013D-4E45-B58D-7299CF40D289}.Release|ARM.Build.0 = Release|Any CPU
		{C4906FD5-013D-4E45-B58D-7299CF40D289}.Release|ARM64.ActiveCfg = Release|Any CPU
		{C4906FD5-013D-4E45-B58D-7299CF40D289}.Release|ARM64.Build.0 = Release|Any CPU
		{C4906FD5-013D-4E45-B58D-7299CF40D289}.Release|x64.ActiveCfg = Release|Any CPU
		{C4906FD5-013D-4E45-B58D-7299CF40D289}.Release|x64.Build.0 = Release|Any CPU
		{C4906FD5-013D-4E45-B58D-7299CF40D289}.Release|x86.ActiveCfg = Release|Any CPU
		{C4906FD5-013D-4E45-B58D-7299CF40D289}.Release|x86.Build.0 = Release|Any CPU
		{ABF0B3B0-BB01-4A48-A55C-F0D244EA815A}.Debug|Any CPU.ActiveCfg = Debug|Any CPU
		{ABF0B3B0-BB01-4A48-A55C-F0D244EA815A}.Debug|Any CPU.Build.0 = Debug|Any CPU
		{ABF0B3B0-BB01-4A48-A55C-F0D244EA815A}.Debug|ARM.ActiveCfg = Debug|Any CPU
		{ABF0B3B0-BB01-4A48-A55C-F0D244EA815A}.Debug|ARM.Build.0 = Debug|Any CPU
		{ABF0B3B0-BB01-4A48-A55C-F0D244EA815A}.Debug|ARM64.ActiveCfg = Debug|Any CPU
		{ABF0B3B0-BB01-4A48-A55C-F0D244EA815A}.Debug|ARM64.Build.0 = Debug|Any CPU
		{ABF0B3B0-BB01-4A48-A55C-F0D244EA815A}.Debug|x64.ActiveCfg = Debug|Any CPU
		{ABF0B3B0-BB01-4A48-A55C-F0D244EA815A}.Debug|x64.Build.0 = Debug|Any CPU
		{ABF0B3B0-BB01-4A48-A55C-F0D244EA815A}.Debug|x86.ActiveCfg = Debug|Any CPU
		{ABF0B3B0-BB01-4A48-A55C-F0D244EA815A}.Debug|x86.Build.0 = Debug|Any CPU
		{ABF0B3B0-BB01-4A48-A55C-F0D244EA815A}.Release|Any CPU.ActiveCfg = Release|Any CPU
		{ABF0B3B0-BB01-4A48-A55C-F0D244EA815A}.Release|Any CPU.Build.0 = Release|Any CPU
		{ABF0B3B0-BB01-4A48-A55C-F0D244EA815A}.Release|ARM.ActiveCfg = Release|Any CPU
		{ABF0B3B0-BB01-4A48-A55C-F0D244EA815A}.Release|ARM.Build.0 = Release|Any CPU
		{ABF0B3B0-BB01-4A48-A55C-F0D244EA815A}.Release|ARM64.ActiveCfg = Release|Any CPU
		{ABF0B3B0-BB01-4A48-A55C-F0D244EA815A}.Release|ARM64.Build.0 = Release|Any CPU
		{ABF0B3B0-BB01-4A48-A55C-F0D244EA815A}.Release|x64.ActiveCfg = Release|Any CPU
		{ABF0B3B0-BB01-4A48-A55C-F0D244EA815A}.Release|x64.Build.0 = Release|Any CPU
		{ABF0B3B0-BB01-4A48-A55C-F0D244EA815A}.Release|x86.ActiveCfg = Release|Any CPU
		{ABF0B3B0-BB01-4A48-A55C-F0D244EA815A}.Release|x86.Build.0 = Release|Any CPU
		{DE7C9680-CD33-4846-A11D-03CD5BFC9455}.Debug|Any CPU.ActiveCfg = Debug|Any CPU
		{DE7C9680-CD33-4846-A11D-03CD5BFC9455}.Debug|Any CPU.Build.0 = Debug|Any CPU
		{DE7C9680-CD33-4846-A11D-03CD5BFC9455}.Debug|ARM.ActiveCfg = Debug|Any CPU
		{DE7C9680-CD33-4846-A11D-03CD5BFC9455}.Debug|ARM.Build.0 = Debug|Any CPU
		{DE7C9680-CD33-4846-A11D-03CD5BFC9455}.Debug|ARM64.ActiveCfg = Debug|Any CPU
		{DE7C9680-CD33-4846-A11D-03CD5BFC9455}.Debug|ARM64.Build.0 = Debug|Any CPU
		{DE7C9680-CD33-4846-A11D-03CD5BFC9455}.Debug|x64.ActiveCfg = Debug|Any CPU
		{DE7C9680-CD33-4846-A11D-03CD5BFC9455}.Debug|x64.Build.0 = Debug|Any CPU
		{DE7C9680-CD33-4846-A11D-03CD5BFC9455}.Debug|x86.ActiveCfg = Debug|Any CPU
		{DE7C9680-CD33-4846-A11D-03CD5BFC9455}.Debug|x86.Build.0 = Debug|Any CPU
		{DE7C9680-CD33-4846-A11D-03CD5BFC9455}.Release|Any CPU.ActiveCfg = Release|Any CPU
		{DE7C9680-CD33-4846-A11D-03CD5BFC9455}.Release|Any CPU.Build.0 = Release|Any CPU
		{DE7C9680-CD33-4846-A11D-03CD5BFC9455}.Release|ARM.ActiveCfg = Release|Any CPU
		{DE7C9680-CD33-4846-A11D-03CD5BFC9455}.Release|ARM.Build.0 = Release|Any CPU
		{DE7C9680-CD33-4846-A11D-03CD5BFC9455}.Release|ARM64.ActiveCfg = Release|Any CPU
		{DE7C9680-CD33-4846-A11D-03CD5BFC9455}.Release|ARM64.Build.0 = Release|Any CPU
		{DE7C9680-CD33-4846-A11D-03CD5BFC9455}.Release|x64.ActiveCfg = Release|Any CPU
		{DE7C9680-CD33-4846-A11D-03CD5BFC9455}.Release|x64.Build.0 = Release|Any CPU
		{DE7C9680-CD33-4846-A11D-03CD5BFC9455}.Release|x86.ActiveCfg = Release|Any CPU
		{DE7C9680-CD33-4846-A11D-03CD5BFC9455}.Release|x86.Build.0 = Release|Any CPU
		{666281EF-A3F3-44A0-A5C8-D4156DCFC388}.Debug|Any CPU.ActiveCfg = Debug|x86
		{666281EF-A3F3-44A0-A5C8-D4156DCFC388}.Debug|ARM.ActiveCfg = Debug|ARM
		{666281EF-A3F3-44A0-A5C8-D4156DCFC388}.Debug|ARM.Build.0 = Debug|ARM
		{666281EF-A3F3-44A0-A5C8-D4156DCFC388}.Debug|ARM.Deploy.0 = Debug|ARM
		{666281EF-A3F3-44A0-A5C8-D4156DCFC388}.Debug|ARM64.ActiveCfg = Debug|ARM64
		{666281EF-A3F3-44A0-A5C8-D4156DCFC388}.Debug|ARM64.Build.0 = Debug|ARM64
		{666281EF-A3F3-44A0-A5C8-D4156DCFC388}.Debug|ARM64.Deploy.0 = Debug|ARM64
		{666281EF-A3F3-44A0-A5C8-D4156DCFC388}.Debug|x64.ActiveCfg = Debug|x64
		{666281EF-A3F3-44A0-A5C8-D4156DCFC388}.Debug|x64.Build.0 = Debug|x64
		{666281EF-A3F3-44A0-A5C8-D4156DCFC388}.Debug|x64.Deploy.0 = Debug|x64
		{666281EF-A3F3-44A0-A5C8-D4156DCFC388}.Debug|x86.ActiveCfg = Debug|x86
		{666281EF-A3F3-44A0-A5C8-D4156DCFC388}.Debug|x86.Build.0 = Debug|x86
		{666281EF-A3F3-44A0-A5C8-D4156DCFC388}.Debug|x86.Deploy.0 = Debug|x86
		{666281EF-A3F3-44A0-A5C8-D4156DCFC388}.Release|Any CPU.ActiveCfg = Release|x86
		{666281EF-A3F3-44A0-A5C8-D4156DCFC388}.Release|ARM.ActiveCfg = Release|ARM
		{666281EF-A3F3-44A0-A5C8-D4156DCFC388}.Release|ARM.Build.0 = Release|ARM
		{666281EF-A3F3-44A0-A5C8-D4156DCFC388}.Release|ARM.Deploy.0 = Release|ARM
		{666281EF-A3F3-44A0-A5C8-D4156DCFC388}.Release|ARM64.ActiveCfg = Release|ARM64
		{666281EF-A3F3-44A0-A5C8-D4156DCFC388}.Release|ARM64.Build.0 = Release|ARM64
		{666281EF-A3F3-44A0-A5C8-D4156DCFC388}.Release|ARM64.Deploy.0 = Release|ARM64
		{666281EF-A3F3-44A0-A5C8-D4156DCFC388}.Release|x64.ActiveCfg = Release|x64
		{666281EF-A3F3-44A0-A5C8-D4156DCFC388}.Release|x64.Build.0 = Release|x64
		{666281EF-A3F3-44A0-A5C8-D4156DCFC388}.Release|x64.Deploy.0 = Release|x64
		{666281EF-A3F3-44A0-A5C8-D4156DCFC388}.Release|x86.ActiveCfg = Release|x86
		{666281EF-A3F3-44A0-A5C8-D4156DCFC388}.Release|x86.Build.0 = Release|x86
		{666281EF-A3F3-44A0-A5C8-D4156DCFC388}.Release|x86.Deploy.0 = Release|x86
	EndGlobalSection
	GlobalSection(SolutionProperties) = preSolution
		HideSolutionNode = FALSE
	EndGlobalSection
	GlobalSection(ExtensibilityGlobals) = postSolution
		SolutionGuid = {64DDF904-B441-48E5-909E-24CDFBE554B1}
	EndGlobalSection
EndGlobal
